
Microsoft Visual Studio Solution File, Format Version 12.00
# Visual Studio 14
VisualStudioVersion = 14.0.25420.1
MinimumVisualStudioVersion = 10.0.40219.1
Project("{FAE04EC0-301F-11D3-BF4B-00C04F79EFBC}") = "SharedCode", "SharedCode\SharedCode.csproj", "{49CAA7AF-C744-462A-BAF4-CF5DF063C005}"
EndProject
Project("{F2A71F9B-5D33-465A-A702-920D77279786}") = "DemoApp", "DemoApp\DemoApp.fsproj", "{FE08D016-0BA5-4B75-BC9C-26A1F38BAB15}"
EndProject
Global
	GlobalSection(SolutionConfigurationPlatforms) = preSolution
		Debug|Any CPU = Debug|Any CPU
		Release|Any CPU = Release|Any CPU
	EndGlobalSection
	GlobalSection(ProjectConfigurationPlatforms) = postSolution
		{49CAA7AF-C744-462A-BAF4-CF5DF063C005}.Debug|Any CPU.ActiveCfg = Debug|Any CPU
		{49CAA7AF-C744-462A-BAF4-CF5DF063C005}.Debug|Any CPU.Build.0 = Debug|Any CPU
		{49CAA7AF-C744-462A-BAF4-CF5DF063C005}.Release|Any CPU.ActiveCfg = Release|Any CPU
		{49CAA7AF-C744-462A-BAF4-CF5DF063C005}.Release|Any CPU.Build.0 = Release|Any CPU
		{FE08D016-0BA5-4B75-BC9C-26A1F38BAB15}.Debug|Any CPU.ActiveCfg = Debug|Any CPU
		{FE08D016-0BA5-4B75-BC9C-26A1F38BAB15}.Debug|Any CPU.Build.0 = Debug|Any CPU
		{FE08D016-0BA5-4B75-BC9C-26A1F38BAB15}.Debug|Any CPU.Deploy.0 = Debug|Any CPU
		{FE08D016-0BA5-4B75-BC9C-26A1F38BAB15}.Release|Any CPU.ActiveCfg = Release|Any CPU
		{FE08D016-0BA5-4B75-BC9C-26A1F38BAB15}.Release|Any CPU.Build.0 = Release|Any CPU
		{FE08D016-0BA5-4B75-BC9C-26A1F38BAB15}.Release|Any CPU.Deploy.0 = Release|Any CPU
	EndGlobalSection
	GlobalSection(SolutionProperties) = preSolution
		HideSolutionNode = FALSE
	EndGlobalSection
EndGlobal
